
Microsoft Visual Studio Solution File, Format Version 12.00
# Visual Studio Version 17
VisualStudioVersion = 17.7.34024.191
MinimumVisualStudioVersion = 10.0.40219.1
Project("{FAE04EC0-301F-11D3-BF4B-00C04F79EFBC}") = "BulkyBook-ASPNETCore-Web-MVC", "BulkyBook-ASPNETCore-Web-MVC\BulkyBook-ASPNETCore-Web-MVC.csproj", "{30AE1BDA-034F-41B5-B626-F4C512327BEA}"
EndProject
Global
	GlobalSection(SolutionConfigurationPlatforms) = preSolution
		Debug|Any CPU = Debug|Any CPU
		Release|Any CPU = Release|Any CPU
	EndGlobalSection
	GlobalSection(ProjectConfigurationPlatforms) = postSolution
		{30AE1BDA-034F-41B5-B626-F4C512327BEA}.Debug|Any CPU.ActiveCfg = Debug|Any CPU
		{30AE1BDA-034F-41B5-B626-F4C512327BEA}.Debug|Any CPU.Build.0 = Debug|Any CPU
		{30AE1BDA-034F-41B5-B626-F4C512327BEA}.Release|Any CPU.ActiveCfg = Release|Any CPU
		{30AE1BDA-034F-41B5-B626-F4C512327BEA}.Release|Any CPU.Build.0 = Release|Any CPU
	EndGlobalSection
	GlobalSection(SolutionProperties) = preSolution
		HideSolutionNode = FALSE
	EndGlobalSection
	GlobalSection(ExtensibilityGlobals) = postSolution
		SolutionGuid = {02DD214A-4AD5-4A8A-9B49-C84287F30FCB}
	EndGlobalSection
EndGlobal
